
Microsoft Visual Studio Solution File, Format Version 12.00
# Visual Studio Version 17
VisualStudioVersion = 17.8.34511.84
MinimumVisualStudioVersion = 10.0.40219.1
Project("{9A19103F-16F7-4668-BE54-9A1E7A4F7556}") = "Business", "Business.csproj", "{AD8167B7-4F3B-4287-A4C7-7F96DC7B9064}"
EndProject
Global
	GlobalSection(SolutionConfigurationPlatforms) = preSolution
		Debug|Any CPU = Debug|Any CPU
		Release|Any CPU = Release|Any CPU
	EndGlobalSection
	GlobalSection(ProjectConfigurationPlatforms) = postSolution
		{AD8167B7-4F3B-4287-A4C7-7F96DC7B9064}.Debug|Any CPU.ActiveCfg = Debug|Any CPU
		{AD8167B7-4F3B-4287-A4C7-7F96DC7B9064}.Debug|Any CPU.Build.0 = Debug|Any CPU
		{AD8167B7-4F3B-4287-A4C7-7F96DC7B9064}.Release|Any CPU.ActiveCfg = Release|Any CPU
		{AD8167B7-4F3B-4287-A4C7-7F96DC7B9064}.Release|Any CPU.Build.0 = Release|Any CPU
	EndGlobalSection
	GlobalSection(SolutionProperties) = preSolution
		HideSolutionNode = FALSE
	EndGlobalSection
	GlobalSection(ExtensibilityGlobals) = postSolution
		SolutionGuid = {DBD9C7D3-D235-4AB2-AA8C-4E7D075FA990}
	EndGlobalSection
EndGlobal
