
Microsoft Visual Studio Solution File, Format Version 12.00
# Visual Studio Version 17
VisualStudioVersion = 17.9.34728.123
MinimumVisualStudioVersion = 10.0.40219.1
Project("{9A19103F-16F7-4668-BE54-9A1E7A4F7556}") = "AuthService", "AuthService\AuthService.csproj", "{D5512C31-EB81-4659-966F-31A63A65522D}"
EndProject
Project("{9A19103F-16F7-4668-BE54-9A1E7A4F7556}") = "Business", "..\Business\Business.csproj", "{B867797E-C8CF-4FAE-A8DA-564B6C1C3428}"
EndProject
Global
	GlobalSection(SolutionConfigurationPlatforms) = preSolution
		Debug|Any CPU = Debug|Any CPU
		Release|Any CPU = Release|Any CPU
	EndGlobalSection
	GlobalSection(ProjectConfigurationPlatforms) = postSolution
		{D5512C31-EB81-4659-966F-31A63A65522D}.Debug|Any CPU.ActiveCfg = Debug|Any CPU
		{D5512C31-EB81-4659-966F-31A63A65522D}.Debug|Any CPU.Build.0 = Debug|Any CPU
		{D5512C31-EB81-4659-966F-31A63A65522D}.Release|Any CPU.ActiveCfg = Release|Any CPU
		{D5512C31-EB81-4659-966F-31A63A65522D}.Release|Any CPU.Build.0 = Release|Any CPU
		{B867797E-C8CF-4FAE-A8DA-564B6C1C3428}.Debug|Any CPU.ActiveCfg = Debug|Any CPU
		{B867797E-C8CF-4FAE-A8DA-564B6C1C3428}.Debug|Any CPU.Build.0 = Debug|Any CPU
		{B867797E-C8CF-4FAE-A8DA-564B6C1C3428}.Release|Any CPU.ActiveCfg = Release|Any CPU
		{B867797E-C8CF-4FAE-A8DA-564B6C1C3428}.Release|Any CPU.Build.0 = Release|Any CPU
	EndGlobalSection
	GlobalSection(SolutionProperties) = preSolution
		HideSolutionNode = FALSE
	EndGlobalSection
	GlobalSection(ExtensibilityGlobals) = postSolution
		SolutionGuid = {91621038-EB1E-47DC-93BB-DDF3A2470788}
	EndGlobalSection
EndGlobal
